
Microsoft Visual Studio Solution File, Format Version 12.00
# Visual Studio Version 17
VisualStudioVersion = 17.9.34902.65
MinimumVisualStudioVersion = 10.0.40219.1
Project("{FAE04EC0-301F-11D3-BF4B-00C04F79EFBC}") = "FoodDelivery", "FoodDelivery\FoodDelivery.csproj", "{7A38C2B7-1DE5-47D4-B0BB-B6C14E3DC5B4}"
EndProject
Project("{FAE04EC0-301F-11D3-BF4B-00C04F79EFBC}") = "ApplicationCore", "ApplicationCore\ApplicationCore.csproj", "{0216262A-2D36-4F55-A2BF-43E0134D8141}"
EndProject
Project("{FAE04EC0-301F-11D3-BF4B-00C04F79EFBC}") = "Infrastructure", "Infrastructure\Infrastructure.csproj", "{385E2422-876A-4A6E-84F0-5CF1DD7206BF}"
EndProject
Global
	GlobalSection(SolutionConfigurationPlatforms) = preSolution
		Debug|Any CPU = Debug|Any CPU
		Release|Any CPU = Release|Any CPU
	EndGlobalSection
	GlobalSection(ProjectConfigurationPlatforms) = postSolution
		{7A38C2B7-1DE5-47D4-B0BB-B6C14E3DC5B4}.Debug|Any CPU.ActiveCfg = Debug|Any CPU
		{7A38C2B7-1DE5-47D4-B0BB-B6C14E3DC5B4}.Debug|Any CPU.Build.0 = Debug|Any CPU
		{7A38C2B7-1DE5-47D4-B0BB-B6C14E3DC5B4}.Release|Any CPU.ActiveCfg = Release|Any CPU
		{7A38C2B7-1DE5-47D4-B0BB-B6C14E3DC5B4}.Release|Any CPU.Build.0 = Release|Any CPU
		{0216262A-2D36-4F55-A2BF-43E0134D8141}.Debug|Any CPU.ActiveCfg = Debug|Any CPU
		{0216262A-2D36-4F55-A2BF-43E0134D8141}.Debug|Any CPU.Build.0 = Debug|Any CPU
		{0216262A-2D36-4F55-A2BF-43E0134D8141}.Release|Any CPU.ActiveCfg = Release|Any CPU
		{0216262A-2D36-4F55-A2BF-43E0134D8141}.Release|Any CPU.Build.0 = Release|Any CPU
		{385E2422-876A-4A6E-84F0-5CF1DD7206BF}.Debug|Any CPU.ActiveCfg = Debug|Any CPU
		{385E2422-876A-4A6E-84F0-5CF1DD7206BF}.Debug|Any CPU.Build.0 = Debug|Any CPU
		{385E2422-876A-4A6E-84F0-5CF1DD7206BF}.Release|Any CPU.ActiveCfg = Release|Any CPU
		{385E2422-876A-4A6E-84F0-5CF1DD7206BF}.Release|Any CPU.Build.0 = Release|Any CPU
	EndGlobalSection
	GlobalSection(SolutionProperties) = preSolution
		HideSolutionNode = FALSE
	EndGlobalSection
	GlobalSection(ExtensibilityGlobals) = postSolution
		SolutionGuid = {08001105-9088-40A1-8C5F-C422C90A7533}
	EndGlobalSection
EndGlobal
